
Microsoft Visual Studio Solution File, Format Version 12.00
# Visual Studio Version 16
VisualStudioVersion = 16.0.30711.63
MinimumVisualStudioVersion = 10.0.40219.1
Project("{FAE04EC0-301F-11D3-BF4B-00C04F79EFBC}") = "stok", "stok\stok.csproj", "{74B4E8EE-137C-41E7-AE40-F34C79777ED3}"
EndProject
Global
	GlobalSection(SolutionConfigurationPlatforms) = preSolution
		Debug|Any CPU = Debug|Any CPU
		Release|Any CPU = Release|Any CPU
	EndGlobalSection
	GlobalSection(ProjectConfigurationPlatforms) = postSolution
		{74B4E8EE-137C-41E7-AE40-F34C79777ED3}.Debug|Any CPU.ActiveCfg = Debug|Any CPU
		{74B4E8EE-137C-41E7-AE40-F34C79777ED3}.Debug|Any CPU.Build.0 = Debug|Any CPU
		{74B4E8EE-137C-41E7-AE40-F34C79777ED3}.Release|Any CPU.ActiveCfg = Release|Any CPU
		{74B4E8EE-137C-41E7-AE40-F34C79777ED3}.Release|Any CPU.Build.0 = Release|Any CPU
	EndGlobalSection
	GlobalSection(SolutionProperties) = preSolution
		HideSolutionNode = FALSE
	EndGlobalSection
	GlobalSection(ExtensibilityGlobals) = postSolution
		SolutionGuid = {987F2CA7-8B3E-4C78-8177-EE596204B0EE}
	EndGlobalSection
EndGlobal
